
Microsoft Visual Studio Solution File, Format Version 12.00
# Visual Studio Version 17
VisualStudioVersion = 17.1.32210.238
MinimumVisualStudioVersion = 10.0.40219.1
Project("{FAE04EC0-301F-11D3-BF4B-00C04F79EFBC}") = "MoodAnalyser", "MoodAnalyser\MoodAnalyser.csproj", "{360A4644-5EBA-4DC4-8697-F89A63ACE08E}"
EndProject
Project("{FAE04EC0-301F-11D3-BF4B-00C04F79EFBC}") = "MoodAnalyserTest", "MoodAnalyserTest\MoodAnalyserTest.csproj", "{EF92B74B-4AB5-4D8D-9AF1-99128FD0C08D}"
EndProject
Global
	GlobalSection(SolutionConfigurationPlatforms) = preSolution
		Debug|Any CPU = Debug|Any CPU
		Release|Any CPU = Release|Any CPU
	EndGlobalSection
	GlobalSection(ProjectConfigurationPlatforms) = postSolution
		{360A4644-5EBA-4DC4-8697-F89A63ACE08E}.Debug|Any CPU.ActiveCfg = Debug|Any CPU
		{360A4644-5EBA-4DC4-8697-F89A63ACE08E}.Debug|Any CPU.Build.0 = Debug|Any CPU
		{360A4644-5EBA-4DC4-8697-F89A63ACE08E}.Release|Any CPU.ActiveCfg = Release|Any CPU
		{360A4644-5EBA-4DC4-8697-F89A63ACE08E}.Release|Any CPU.Build.0 = Release|Any CPU
		{EF92B74B-4AB5-4D8D-9AF1-99128FD0C08D}.Debug|Any CPU.ActiveCfg = Debug|Any CPU
		{EF92B74B-4AB5-4D8D-9AF1-99128FD0C08D}.Debug|Any CPU.Build.0 = Debug|Any CPU
		{EF92B74B-4AB5-4D8D-9AF1-99128FD0C08D}.Release|Any CPU.ActiveCfg = Release|Any CPU
		{EF92B74B-4AB5-4D8D-9AF1-99128FD0C08D}.Release|Any CPU.Build.0 = Release|Any CPU
	EndGlobalSection
	GlobalSection(SolutionProperties) = preSolution
		HideSolutionNode = FALSE
	EndGlobalSection
	GlobalSection(ExtensibilityGlobals) = postSolution
		SolutionGuid = {6737325A-A00F-406B-9B08-63B120621002}
	EndGlobalSection
EndGlobal
